
Microsoft Visual Studio Solution File, Format Version 12.00
# Visual Studio Version 16
VisualStudioVersion = 16.0.30717.126
MinimumVisualStudioVersion = 10.0.40219.1
Project("{FAE04EC0-301F-11D3-BF4B-00C04F79EFBC}") = "TheBoatsFirstVoyage", "TheBoatsFirstVoyage.csproj", "{2DB25E39-8177-4A73-9683-917648C214CA}"
EndProject
Global
	GlobalSection(SolutionConfigurationPlatforms) = preSolution
		Debug|Any CPU = Debug|Any CPU
		Release|Any CPU = Release|Any CPU
	EndGlobalSection
	GlobalSection(ProjectConfigurationPlatforms) = postSolution
		{2DB25E39-8177-4A73-9683-917648C214CA}.Debug|Any CPU.ActiveCfg = Debug|Any CPU
		{2DB25E39-8177-4A73-9683-917648C214CA}.Debug|Any CPU.Build.0 = Debug|Any CPU
		{2DB25E39-8177-4A73-9683-917648C214CA}.Release|Any CPU.ActiveCfg = Release|Any CPU
		{2DB25E39-8177-4A73-9683-917648C214CA}.Release|Any CPU.Build.0 = Release|Any CPU
	EndGlobalSection
	GlobalSection(SolutionProperties) = preSolution
		HideSolutionNode = FALSE
	EndGlobalSection
	GlobalSection(ExtensibilityGlobals) = postSolution
		SolutionGuid = {5BDC1A06-E6EA-46CE-BD52-C48CAF240FF2}
	EndGlobalSection
EndGlobal
